# THIS IS AN AUTOGENERATED FILE. DO NOT EDIT THIS FILE DIRECTLY.
# yarn lockfile v1


"@layerzerolabs/lz-evm-messagelib-v2@^2.1.27":
  version "2.3.44"
  resolved "https://registry.yarnpkg.com/@layerzerolabs/lz-evm-messagelib-v2/-/lz-evm-messagelib-v2-2.3.44.tgz#3684bf9de5cf19e417626970ca09528496d70fc1"
  integrity sha512-2HZMjV0KZH0e3W2KL/H8HvE3I7QMJw1no46IQ5LpGSvxIm5Ri45tnQAynbmEbRyKXrRSP3Brkvkc2U7VrfZ/Cg==

"@layerzerolabs/lz-evm-oapp-v2@^2.1.18":
  version "2.3.44"
  resolved "https://registry.yarnpkg.com/@layerzerolabs/lz-evm-oapp-v2/-/lz-evm-oapp-v2-2.3.44.tgz#e6a2e9fc60e7f21009138405cc21e3bcfe48177d"
  integrity sha512-FNm9+OFKOl+/5JvpV6rMUoHZSePOcLtNJ+GHJuf38xPmEe0ehxFVQBw3iIfaH2dsWzRn/T7ZizV5ouId35FLdg==

"@layerzerolabs/lz-evm-protocol-v2@^2.1.27":
  version "2.3.44"
  resolved "https://registry.yarnpkg.com/@layerzerolabs/lz-evm-protocol-v2/-/lz-evm-protocol-v2-2.3.44.tgz#63c967dcb6aeaa4275fa51c6976b27133f9c16ff"
  integrity sha512-oNtwl4HGCogFVOr45T3FfrkB0/CRW2eGAEScBw/FY/6mlncnS4dqlvrCJ3SFlK17cu1w9q0ztD3NzS9sUrb7vw==

"@openzeppelin/contracts@^5.0.1":
  version "5.4.0"
  resolved "https://registry.yarnpkg.com/@openzeppelin/contracts/-/contracts-5.4.0.tgz#177594bdb2d86c71f5d1052fe40cb4edb95fb20f"
  integrity sha512-eCYgWnLg6WO+X52I16TZt8uEjbtdkgLC0SUX/xnAksjjrQI4Xfn4iBRoI5j55dmlOhDv1Y7BoR3cU7e3WWhC6A==

"forge-std@github:foundry-rs/forge-std#v1.8.1":
  version "1.7.6"
  resolved "https://codeload.github.com/foundry-rs/forge-std/tar.gz/bb4ceea94d6f10eeb5b41dc2391c6c8bf8e734ef"

solidity-bytes-utils@^0.8.2:
  version "0.8.4"
  resolved "https://registry.yarnpkg.com/solidity-bytes-utils/-/solidity-bytes-utils-0.8.4.tgz#646588b7031153770350f982665b8c9033f7dc26"
  integrity sha512-/bjac5YR12i0plOKvGlhE51F5IWGP6rI8DJetCQlXcnwKWz/Hgf/vr+Qlk1BWz56xVcwVhmhCaDkTMnx5xvt0g==
